git.scuroneko.dev/scuroneko/extypes v1.2.3 h1:n7QsfTZEn9fJNZLXGH/LkNq4cADaRk+LTu6LNMv9y6s=
git.scuroneko.dev/scuroneko/extypes v1.2.3/go.mod h1:MhYpXC6sloLOpoM2guf64eSOrz+ET/QJZ8toobc3Ors=
git.scuroneko.dev/scuroneko/slog v1.2.0 h1:xbwzrMcmN0NG/zTgEn508mn2JVnfZN5z/Zsi3PREfDM=
git.scuroneko.dev/scuroneko/slog v1.2.0/go.mod h1:r+oz9NzvvdtWd9/PjeS+n5vQoNHL38BdcdLoBtJPvFU=
github.com/alitto/pond/v2 v2.7.0 h1:c76L+yN916m/DRXjGCeUBHHu92uWnh/g1bwVk4zyyXg=
github.com/alitto/pond/v2 v2.7.0/go.mod h1:xkjYEgQ05RSpWdfSd1nM3OVv7TBhLdy7rMp3+2Nq+yE=
github.com/fatih/color v1.19.0 h1:Zp3PiM21/9Ld6FzSKyL5c/BULoe/ONr9KlbYVOfG8+w=
github.com/fatih/color v1.19.0/go.mod h1:zNk67I0ZUT1bEGsSGyCZYZNrHuTkJJB+r6Q9VuMi0LE=
github.com/mattn/go-colorable v0.1.14 h1:9A9LHSqF/7dyVVX6g0U9cwm9pG3kP9gSzcuIPHPsaIE=
github.com/mattn/go-colorable v0.1.14/go.mod h1:6LmQG8QLFO4G5z1gPvYEzlUgJ2wF+stgPZH1UqBm1s8=
github.com/mattn/go-isatty v0.0.21 h1:xYae+lCNBP7QuW4PUnNG61ffM4hVIfm+zUzDuSzYLGs=
github.com/mattn/go-isatty v0.0.21/go.mod h1:ZXfXG4SQHsB/w3ZeOYbR0PrPwLy+n6xiMrJlRFqopa4=
golang.org/x/sys v0.43.0 h1:Rlag2XtaFTxp19wS8MXlJwTvoh8ArU6ezoyFsMyCTNI=
golang.org/x/sys v0.43.0/go.mod h1:4GL1E5IUh+htKOUEOaiffhrAeqysfVGipDYzABqnCmw=
golang.org/x/time v0.15.0 h1:bbrp8t3bGUeFOx08pvsMYRTCVSMk89u4tKbNOZbp88U=
golang.org/x/time v0.15.0/go.mod h1:Y4YMaQmXwGQZoFaVFk4YpCt4FLQMYKZe9oeV/f4MSno=
