git.scuroneko.dev/scuroneko/extypes v1.2.3 h1:n7QsfTZEn9fJNZLXGH/LkNq4cADaRk+LTu6LNMv9y6s=
git.scuroneko.dev/scuroneko/extypes v1.2.3/go.mod h1:MhYpXC6sloLOpoM2guf64eSOrz+ET/QJZ8toobc3Ors=
git.scuroneko.dev/scuroneko/sneklog/v2 v2.0.1 h1:nDGLsvxbYoSxSk9wrGCmb+tn5jPM+KYlBX+3ciyC2Yo=
git.scuroneko.dev/scuroneko/sneklog/v2 v2.0.1/go.mod h1:q8XnLXzLdGjW0Jtcbh9/+G9WmfD68rsPQvLXEPxvum4=
github.com/alitto/pond/v2 v2.7.1 h1:QxMbcfjcVTa0pyxX5Ib1226mM8u8D7gKUVkCUU4DYIw=
github.com/alitto/pond/v2 v2.7.1/go.mod h1:xkjYEgQ05RSpWdfSd1nM3OVv7TBhLdy7rMp3+2Nq+yE=
golang.org/x/time v0.15.0 h1:bbrp8t3bGUeFOx08pvsMYRTCVSMk89u4tKbNOZbp88U=
golang.org/x/time v0.15.0/go.mod h1:Y4YMaQmXwGQZoFaVFk4YpCt4FLQMYKZe9oeV/f4MSno=
