git.scuroneko.dev/scuroneko/extypes v1.2.3 h1:n7QsfTZEn9fJNZLXGH/LkNq4cADaRk+LTu6LNMv9y6s=
git.scuroneko.dev/scuroneko/extypes v1.2.3/go.mod h1:MhYpXC6sloLOpoM2guf64eSOrz+ET/QJZ8toobc3Ors=
git.scuroneko.dev/scuroneko/slog v1.1.3 h1:vI4GZykn8gDb6OJ2xq+KLcEk38M7O4e/z1kzpeRHEHw=
git.scuroneko.dev/scuroneko/slog v1.1.3/go.mod h1:gnDap54sfZv3EuSyZd7fjOH46aLbDFpvtN2wgFcWkgE=
github.com/alitto/pond/v2 v2.7.0 h1:c76L+yN916m/DRXjGCeUBHHu92uWnh/g1bwVk4zyyXg=
github.com/alitto/pond/v2 v2.7.0/go.mod h1:xkjYEgQ05RSpWdfSd1nM3OVv7TBhLdy7rMp3+2Nq+yE=
github.com/fatih/color v1.18.0 h1:S8gINlzdQ840/4pfAwic/ZE0djQEH3wM94VfqLTZcOM=
github.com/fatih/color v1.18.0/go.mod h1:4FelSpRwEGDpQ12mAdzqdOukCy4u8WUtOY6lkT/6HfU=
github.com/mattn/go-colorable v0.1.14 h1:9A9LHSqF/7dyVVX6g0U9cwm9pG3kP9gSzcuIPHPsaIE=
github.com/mattn/go-colorable v0.1.14/go.mod h1:6LmQG8QLFO4G5z1gPvYEzlUgJ2wF+stgPZH1UqBm1s8=
github.com/mattn/go-isatty v0.0.20 h1:xfD0iDuEKnDkl03q4limB+vH+GxLEtL/jb4xVJSWWEY=
github.com/mattn/go-isatty v0.0.20/go.mod h1:W+V8PltTTMOvKvAeJH7IuucS94S2C6jfK/D7dTCTo3Y=
golang.org/x/sys v0.6.0/go.mod h1:oPkhp1MJrh7nUepCBck5+mAzfO9JrbApNNgaTdGDITg=
golang.org/x/sys v0.42.0 h1:omrd2nAlyT5ESRdCLYdm3+fMfNFE/+Rf4bDIQImRJeo=
golang.org/x/sys v0.42.0/go.mod h1:4GL1E5IUh+htKOUEOaiffhrAeqysfVGipDYzABqnCmw=
golang.org/x/time v0.15.0 h1:bbrp8t3bGUeFOx08pvsMYRTCVSMk89u4tKbNOZbp88U=
golang.org/x/time v0.15.0/go.mod h1:Y4YMaQmXwGQZoFaVFk4YpCt4FLQMYKZe9oeV/f4MSno=
