git.nix13.pw/scuroneko/extypes v1.2.1 h1:IYrOjnWKL2EAuJYtYNa+luB1vBe6paE8VY/YD+5/RpQ=
git.nix13.pw/scuroneko/extypes v1.2.1/go.mod h1:uZVs8Yo3RrYAG9dMad6qR6lsYY67t+459D9c65QAYAw=
git.nix13.pw/scuroneko/laniakea v1.0.0-beta.12 h1:IpcLF5OTZKOsYhj7AULDsDPrCUdtSnS5LgApOyMIRYU=
git.nix13.pw/scuroneko/laniakea v1.0.0-beta.12/go.mod h1:M8jwm195hzAl9bj9Bkl95WfHmWvuBX6micsdtOs/gmE=
git.nix13.pw/scuroneko/slog v1.0.2 h1:vZyUROygxC2d5FJHUQM/30xFEHY1JT/aweDZXA4rm2g=
git.nix13.pw/scuroneko/slog v1.0.2/go.mod h1:3Qm2wzkR5KjwOponMfG7TcGSDjmYaFqRAmLvSPTuWJI=
github.com/alitto/pond/v2 v2.7.0 h1:c76L+yN916m/DRXjGCeUBHHu92uWnh/g1bwVk4zyyXg=
github.com/alitto/pond/v2 v2.7.0/go.mod h1:xkjYEgQ05RSpWdfSd1nM3OVv7TBhLdy7rMp3+2Nq+yE=
github.com/fatih/color v1.18.0 h1:S8gINlzdQ840/4pfAwic/ZE0djQEH3wM94VfqLTZcOM=
github.com/fatih/color v1.18.0/go.mod h1:4FelSpRwEGDpQ12mAdzqdOukCy4u8WUtOY6lkT/6HfU=
github.com/mattn/go-colorable v0.1.14 h1:9A9LHSqF/7dyVVX6g0U9cwm9pG3kP9gSzcuIPHPsaIE=
github.com/mattn/go-colorable v0.1.14/go.mod h1:6LmQG8QLFO4G5z1gPvYEzlUgJ2wF+stgPZH1UqBm1s8=
github.com/mattn/go-isatty v0.0.20 h1:xfD0iDuEKnDkl03q4limB+vH+GxLEtL/jb4xVJSWWEY=
github.com/mattn/go-isatty v0.0.20/go.mod h1:W+V8PltTTMOvKvAeJH7IuucS94S2C6jfK/D7dTCTo3Y=
golang.org/x/sys v0.6.0/go.mod h1:oPkhp1MJrh7nUepCBck5+mAzfO9JrbApNNgaTdGDITg=
golang.org/x/sys v0.42.0 h1:omrd2nAlyT5ESRdCLYdm3+fMfNFE/+Rf4bDIQImRJeo=
golang.org/x/sys v0.42.0/go.mod h1:4GL1E5IUh+htKOUEOaiffhrAeqysfVGipDYzABqnCmw=
golang.org/x/time v0.15.0 h1:bbrp8t3bGUeFOx08pvsMYRTCVSMk89u4tKbNOZbp88U=
golang.org/x/time v0.15.0/go.mod h1:Y4YMaQmXwGQZoFaVFk4YpCt4FLQMYKZe9oeV/f4MSno=
